version = 1
revision = 3
requires-python = ">=3.13"

[[package]]
name = "bsdiff4"
version = "1.2.6"
source = { registry = "https://pypi.org/simple" }
sdist = { url = "https://files.pythonhosted.org/packages/53/b9/4559ede9a4c8c4451688303544da84654643fdc7f28790aca85be80b4b7c/bsdiff4-1.2.6.tar.gz", hash = "sha256:2ab57d01a78b39e29e5accc9cfead4130982ded9dccbc4261bd0e9c51d6b751d", size = 13259, upload-time = "2025-02-19T17:42:33.612Z" }
wheels = [
    { url = "https://files.pythonhosted.org/packages/4f/56/887d90b0e52ce7b5533a6f1390ab9a68215a70ba34848441730e215ffc1c/bsdiff4-1.2.6-cp313-cp313-macosx_10_13_x86_64.whl", hash = "sha256:a98d7975a670fc360d894ef2ec00294e6b7b19790c58457e40c8a5d57a1865b0", size = 16260, upload-time = "2025-02-19T17:40:28.614Z" },
    { url = "https://files.pythonhosted.org/packages/d8/4c/825a16932605d305501ed144ae5567a3dc90c9164a393c61cc0ed68df3f0/bsdiff4-1.2.6-cp313-cp313-macosx_11_0_arm64.whl", hash = "sha256:ee4417341712a4bf736694ce9ad3902b8c6fbd3425aadca44df9b66a51bbefa4", size = 16080, upload-time = "2025-02-19T17:40:29.612Z" },
    { url = "https://files.pythonhosted.org/packages/c2/e2/0cf538a786f47b08e26f3970a6f98c2b7b9d555c01e085425282944a2c7f/bsdiff4-1.2.6-cp313-cp313-manylinux_2_17_aarch64.manylinux2014_aarch64.whl", hash = "sha256:39ddfa2137de44c9743a611d71d263d0cc8c45e5b18ee84ca5ff6b6240be1740", size = 33664, upload-time = "2025-02-19T17:40:31.646Z" },
    { url = "https://files.pythonhosted.org/packages/1f/c0/44ac255f1d16865e39ef941470e30bb5c362dd216b62837bb13880d1dd36/bsdiff4-1.2.6-cp313-cp313-manylinux_2_17_ppc64le.manylinux2014_ppc64le.whl", hash = "sha256:6474d8f34f89d25fa1803c639cc8ed49121752a56a15b4cd21e9267154cdaf70", size = 35648, upload-time = "2025-02-19T17:40:32.793Z" },
    { url = "https://files.pythonhosted.org/packages/cb/6b/d5871af38cbb8527652b65463c3dd736b6250828d8d6daf48be712a2ebfe/bsdiff4-1.2.6-cp313-cp313-manylinux_2_17_s390x.manylinux2014_s390x.whl", hash = "sha256:f8e9c876929c03ef5d448e2626e8b2961040c3a9f0dd3d483643dbccd0e7ff7a", size = 33792, upload-time = "2025-02-19T17:40:35.498Z" },
    { url = "https://files.pythonhosted.org/packages/5a/1e/7027849a6dc02b580e352b1528899053bd919029b185fbaa14c6f268180b/bsdiff4-1.2.6-cp313-cp313-manylinux_2_17_x86_64.manylinux2014_x86_64.whl", hash = "sha256:46313f0eb8f63efb54a3c4219cd7b5b8a7795012b535f9d0838fe3f2b3349849", size = 33238, upload-time = "2025-02-19T17:40:37.165Z" },
    { url = "https://files.pythonhosted.org/packages/97/df/c4a3e2bb1c1f9f09c2c5f8a9025c67f5ec7fcc8949338e54cb2d4fba9009/bsdiff4-1.2.6-cp313-cp313-manylinux_2_5_i686.manylinux1_i686.manylinux_2_17_i686.manylinux2014_i686.whl", hash = "sha256:f6b5757b1a83829f00ef34953c6865ea82e9c71126e465bc32d029c55da9e45b", size = 35866, upload-time = "2025-02-19T17:40:38.789Z" },
    { url = "https://files.pythonhosted.org/packages/83/03/76a5aaaa0ccc282b239b3f148f6dd6033d37f79c1d1a89846b712224d132/bsdiff4-1.2.6-cp313-cp313-musllinux_1_2_aarch64.whl", hash = "sha256:734552992ecc86749a8ef55d03f999f9a47576cc609d7d4d9a7aec274b43ee4d", size = 33688, upload-time = "2025-02-19T17:40:39.762Z" },
    { url = "https://files.pythonhosted.org/packages/b3/b3/b240d4840a16d923c60e8e9eacf0777cf9378e30610037f6c85324daea85/bsdiff4-1.2.6-cp313-cp313-musllinux_1_2_i686.whl", hash = "sha256:853c3221daac6f8d347f12eb0b73ca9dbb7db483e7b5f40b1e2fbb05730645a7", size = 37273, upload-time = "2025-02-19T17:40:41.626Z" },
    { url = "https://files.pythonhosted.org/packages/7d/84/2223a09c4950a3e419ce94eb0af6d90c1ee562b9962ef2d72515f4ad6271/bsdiff4-1.2.6-cp313-cp313-musllinux_1_2_ppc64le.whl", hash = "sha256:94526dc11e56f330c2f4b1e2e9389b958a7891f6c86b5aac83bd9c7a90eb088a", size = 35844, upload-time = "2025-02-19T17:40:42.646Z" },
    { url = "https://files.pythonhosted.org/packages/18/7b/c02f703b449feb20b245eb803e7d446508b80d5b4065d1eb9cc75d02ae3b/bsdiff4-1.2.6-cp313-cp313-musllinux_1_2_s390x.whl", hash = "sha256:f5474e1d9253564ed0823e2685a403d9dfdbba3c7b70a80f5066d61427848253", size = 35418, upload-time = "2025-02-19T17:40:44.562Z" },
    { url = "https://files.pythonhosted.org/packages/eb/52/623ee28011b6935f0dfe67397ec27c2a900b9f0bda1b1ec2a5b174c53fb7/bsdiff4-1.2.6-cp313-cp313-musllinux_1_2_x86_64.whl", hash = "sha256:5529731ac88151345a8bb76dad4fdb218af10a8a505161d1aa3d669e49cb7b77", size = 32892, upload-time = "2025-02-19T17:40:45.552Z" },
    { url = "https://files.pythonhosted.org/packages/44/6c/e740e347bb46ea08ceacf39df56c2ffd2bd20b95d458409ea303fbf2b946/bsdiff4-1.2.6-cp313-cp313-win32.whl", hash = "sha256:c8089827c41b37f7c9192492742289929097c5ab2a6b3a120919fee27fbc01b8", size = 18304, upload-time = "2025-02-19T17:40:47.37Z" },
    { url = "https://files.pythonhosted.org/packages/88/d1/9be6f6124afab9837db1ffc5801ca1aa86f2077d4224ff729e88fabada71/bsdiff4-1.2.6-cp313-cp313-win_amd64.whl", hash = "sha256:37ff935ba714e0726584dad2bc4c063218b588b110115e8554ebc438ee7bccf3", size = 19543, upload-time = "2025-02-19T17:40:48.369Z" },
]

[[package]]
name = "trwhytale"
version = "0.0.1"
source = { virtual = "." }
dependencies = [
    { name = "bsdiff4" },
]

[package.metadata]
requires-dist = [{ name = "bsdiff4", specifier = ">=1.2.6" }]
